
Microsoft Visual Studio Solution File, Format Version 12.00
# Visual Studio 14
VisualStudioVersion = 14.0.25420.1
MinimumVisualStudioVersion = 10.0.40219.1
Project("{FAE04EC0-301F-11D3-BF4B-00C04F79EFBC}") = "Formacio", "Formacio\Formacio.csproj", "{73EF7A26-6976-4BC3-A854-D7FDAB722363}"
EndProject
Project("{E24C65DC-7377-472B-9ABA-BC803B73C61A}") = "FormacionCliente(1)", "FormacionCliente\", "{771C93CF-6D4F-42FC-951E-0A06FC096DBB}"
	ProjectSection(WebsiteProperties) = preProject
		TargetFrameworkMoniker = ".NETFramework,Version%3Dv4.5.2"
		Debug.AspNetCompiler.VirtualPath = "/localhost_54419"
		Debug.AspNetCompiler.PhysicalPath = "FormacionCliente\"
		Debug.AspNetCompiler.TargetPath = "PrecompiledWeb\localhost_54419\"
		Debug.AspNetCompiler.Updateable = "true"
		Debug.AspNetCompiler.ForceOverwrite = "true"
		Debug.AspNetCompiler.FixedNames = "false"
		Debug.AspNetCompiler.Debug = "True"
		Release.AspNetCompiler.VirtualPath = "/localhost_54419"
		Release.AspNetCompiler.PhysicalPath = "FormacionCliente\"
		Release.AspNetCompiler.TargetPath = "PrecompiledWeb\localhost_54419\"
		Release.AspNetCompiler.Updateable = "true"
		Release.AspNetCompiler.ForceOverwrite = "true"
		Release.AspNetCompiler.FixedNames = "false"
		Release.AspNetCompiler.Debug = "False"
		VWDPort = "54419"
		DefaultWebSiteLanguage = "Visual C#"
	EndProjectSection
EndProject
Global
	GlobalSection(SolutionConfigurationPlatforms) = preSolution
		Debug|Any CPU = Debug|Any CPU
		Release|Any CPU = Release|Any CPU
	EndGlobalSection
	GlobalSection(ProjectConfigurationPlatforms) = postSolution
		{73EF7A26-6976-4BC3-A854-D7FDAB722363}.Debug|Any CPU.ActiveCfg = Debug|Any CPU
		{73EF7A26-6976-4BC3-A854-D7FDAB722363}.Debug|Any CPU.Build.0 = Debug|Any CPU
		{73EF7A26-6976-4BC3-A854-D7FDAB722363}.Release|Any CPU.ActiveCfg = Release|Any CPU
		{73EF7A26-6976-4BC3-A854-D7FDAB722363}.Release|Any CPU.Build.0 = Release|Any CPU
		{771C93CF-6D4F-42FC-951E-0A06FC096DBB}.Debug|Any CPU.ActiveCfg = Debug|Any CPU
		{771C93CF-6D4F-42FC-951E-0A06FC096DBB}.Debug|Any CPU.Build.0 = Debug|Any CPU
		{771C93CF-6D4F-42FC-951E-0A06FC096DBB}.Release|Any CPU.ActiveCfg = Debug|Any CPU
		{771C93CF-6D4F-42FC-951E-0A06FC096DBB}.Release|Any CPU.Build.0 = Debug|Any CPU
	EndGlobalSection
	GlobalSection(SolutionProperties) = preSolution
		HideSolutionNode = FALSE
	EndGlobalSection
EndGlobal
